<Solution>
  <Project Path="CadParcial2AMRV\CadParcial2AMRV.csproj" Id="aaaaaaaa-0001-0001-0001-000000000001" />
  <Project Path="ClnParcial2AMRV\ClnParcial2AMRV.csproj" Id="bbbbbbbb-0002-0002-0002-000000000002" />
  <Project Path="CpParcial2AMRV\CpParcial2AMRV.csproj" Id="cccccccc-0003-0003-0003-000000000003" />
</Solution>
